{
  "version": 4,
  "terraform_version": "1.11.4",
  "serial": 68,
  "lineage": "19c74624-13db-70da-cafc-9dca95ebf93c",
  "outputs": {},
  "resources": [
    {
      "mode": "managed",
      "type": "railway_service",
      "name": "crm_api",
      "provider": "provider[\"registry.terraform.io/terraform-community-providers/railway\"]",
      "instances": [
        {
          "schema_version": 0,
          "attributes": {
            "config_path": null,
            "cron_schedule": null,
            "id": "f783e630-2266-40d5-83d2-024fdb686680",
            "name": "CRM",
            "num_replicas": 1,
            "project_id": "43cdc4c7-2119-4dc5-8168-e49510e330a1",
            "region": "us-west1",
            "root_directory": null,
            "source_image": "jgomez6242/symbiosecrm:latest",
            "source_image_registry_password": null,
            "source_image_registry_username": null,
            "source_repo": null,
            "source_repo_branch": null,
            "volume": null
          },
          "sensitive_attributes": [
            [
              {
                "type": "get_attr",
                "value": "source_image_registry_password"
              }
            ]
          ]
        }
      ]
    },
    {
      "mode": "managed",
      "type": "railway_service",
      "name": "crm_worker",
      "provider": "provider[\"registry.terraform.io/terraform-community-providers/railway\"]",
      "instances": [
        {
          "schema_version": 0,
          "attributes": {
            "config_path": null,
            "cron_schedule": null,
            "id": "5326be2b-c9a3-450a-ae45-173c95416842",
            "name": "crm_worker",
            "num_replicas": 1,
            "project_id": "43cdc4c7-2119-4dc5-8168-e49510e330a1",
            "region": "us-west1",
            "root_directory": null,
            "source_image": "jgomez6242/symbiosecrm:latest",
            "source_image_registry_password": null,
            "source_image_registry_username": null,
            "source_repo": null,
            "source_repo_branch": null,
            "volume": null
          },
          "sensitive_attributes": [
            [
              {
                "type": "get_attr",
                "value": "source_image_registry_password"
              }
            ]
          ]
        }
      ]
    },
    {
      "mode": "managed",
      "type": "railway_service_domain",
      "name": "crm_api",
      "provider": "provider[\"registry.terraform.io/terraform-community-providers/railway\"]",
      "instances": [
        {
          "schema_version": 0,
          "attributes": {
            "domain": "crmt-twenty.up.railway.app",
            "environment_id": "33fdf604-2086-4df5-8673-5b45d81a0588",
            "id": "5fc0e80b-cd06-4e3d-a89d-94b4098f2bd0",
            "project_id": "43cdc4c7-2119-4dc5-8168-e49510e330a1",
            "service_id": "f783e630-2266-40d5-83d2-024fdb686680",
            "subdomain": "crmt-twenty",
            "suffix": "up.railway.app"
          },
          "sensitive_attributes": [],
          "dependencies": [
            "railway_service.crm_api"
          ]
        }
      ]
    },
    {
      "mode": "managed",
      "type": "railway_variable_collection",
      "name": "crm_api_vars",
      "provider": "provider[\"registry.terraform.io/terraform-community-providers/railway\"]",
      "instances": [
        {
          "schema_version": 0,
          "attributes": {
            "environment_id": "33fdf604-2086-4df5-8673-5b45d81a0588",
            "id": "f783e630-2266-40d5-83d2-024fdb686680:33fdf604-2086-4df5-8673-5b45d81a0588:AUTH_MICROSOFT_ENABLED:AUTH_PASSWORD_ENABLED:CALENDAR_PROVIDER_MICROSOFT_ENABLED:DATABASE_URL:EMAIL_DRIVER:EMAIL_FROM_ADDRESS:EMAIL_FROM_NAME:EMAIL_SMTP_HOST:EMAIL_SMTP_PORT:EMAIL_SMTP_USER:EMAIL_SYSTEM_ADDRESS:FRONTEND_URL:FRONT_BASE_URL:FULLENRICH_BASE_URL:IS_EMAIL_VERIFICATION_REQUIRED:IS_FDW_ENABLED:MESSAGING_PROVIDER_MICROSOFT_ENABLED:MICROSOFT_TENANT_ID:NODE_ENV:PG_DATABASE_URL:PORT:REACT_APP_SERVER_BASE_URL:REDIS_URL:SERVER_URL:SIGN_IN_PREFILLED:STORAGE_TYPE:TEMPORAL_BACKEND_BASE_URL:UNIPILE_BASE_URL",
            "project_id": "43cdc4c7-2119-4dc5-8168-e49510e330a1",
            "service_id": "f783e630-2266-40d5-83d2-024fdb686680",
            "variables": [
              {
                "name": "DATABASE_URL",
                "value": "postgresql://postgres:3HhDZXWijsgUAnUIIjytKvMvq%2FjWTBYq@postgres-8f68.railway.internal:5432/postgres"
              },
              {
                "name": "PG_DATABASE_URL",
                "value": "postgresql://postgres:3HhDZXWijsgUAnUIIjytKvMvq%2FjWTBYq@postgres-8f68.railway.internal:5432/postgres"
              },
              {
                "name": "REDIS_URL",
                "value": "redis://:3da7012daf5bb796b45f257c33c382f18b2c747d4f9bb248@redis.railway.internal:6379"
              },
              {
                "name": "NODE_ENV",
                "value": "production"
              },
              {
                "name": "PORT",
                "value": "3000"
              },
              {
                "name": "SERVER_URL",
                "value": "https://crmt-twenty.up.railway.app"
              },
              {
                "name": "FRONT_BASE_URL",
                "value": "https://crmt-twenty.up.railway.app"
              },
              {
                "name": "FRONTEND_URL",
                "value": "https://crmt-twenty.up.railway.app"
              },
              {
                "name": "REACT_APP_SERVER_BASE_URL",
                "value": "https://crmt-twenty.up.railway.app"
              },
              {
                "name": "TEMPORAL_BACKEND_BASE_URL",
                "value": "https://crmt-twenty.up.railway.app"
              },
              {
                "name": "STORAGE_TYPE",
                "value": "local"
              },
              {
                "name": "IS_FDW_ENABLED",
                "value": "false"
              },
              {
                "name": "AUTH_PASSWORD_ENABLED",
                "value": "true"
              },
              {
                "name": "SIGN_IN_PREFILLED",
                "value": "true"
              },
              {
                "name": "IS_EMAIL_VERIFICATION_REQUIRED",
                "value": "false"
              },
              {
                "name": "AUTH_MICROSOFT_ENABLED",
                "value": "false"
              },
              {
                "name": "MICROSOFT_TENANT_ID",
                "value": "479a58aa-145f-4e76-97a5-515e763b24f8"
              },
              {
                "name": "MESSAGING_PROVIDER_MICROSOFT_ENABLED",
                "value": "false"
              },
              {
                "name": "CALENDAR_PROVIDER_MICROSOFT_ENABLED",
                "value": "false"
              },
              {
                "name": "EMAIL_DRIVER",
                "value": "smtp"
              },
              {
                "name": "EMAIL_FROM_ADDRESS",
                "value": "jorge6242@gmail.com"
              },
              {
                "name": "EMAIL_FROM_NAME",
                "value": "CRM Symbiose"
              },
              {
                "name": "EMAIL_SYSTEM_ADDRESS",
                "value": "jorge6242@gmail.com"
              },
              {
                "name": "EMAIL_SMTP_HOST",
                "value": "smtp.gmail.com"
              },
              {
                "name": "EMAIL_SMTP_PORT",
                "value": "587"
              },
              {
                "name": "EMAIL_SMTP_USER",
                "value": "jorge6242@gmail.com"
              },
              {
                "name": "UNIPILE_BASE_URL",
                "value": "https://api37.unipile.com:16755"
              },
              {
                "name": "FULLENRICH_BASE_URL",
                "value": "https://app.fullenrich.com/api/v2"
              }
            ]
          },
          "sensitive_attributes": [
            [
              {
                "type": "get_attr",
                "value": "variables"
              },
              {
                "type": "index",
                "value": {
                  "value": 0,
                  "type": "number"
                }
              },
              {
                "type": "get_attr",
                "value": "value"
              }
            ],
            [
              {
                "type": "get_attr",
                "value": "variables"
              },
              {
                "type": "index",
                "value": {
                  "value": 1,
                  "type": "number"
                }
              },
              {
                "type": "get_attr",
                "value": "value"
              }
            ],
            [
              {
                "type": "get_attr",
                "value": "variables"
              },
              {
                "type": "index",
                "value": {
                  "value": 2,
                  "type": "number"
                }
              },
              {
                "type": "get_attr",
                "value": "value"
              }
            ],
            [
              {
                "type": "get_attr",
                "value": "variables"
              },
              {
                "type": "index",
                "value": {
                  "value": 3,
                  "type": "number"
                }
              },
              {
                "type": "get_attr",
                "value": "value"
              }
            ],
            [
              {
                "type": "get_attr",
                "value": "variables"
              },
              {
                "type": "index",
                "value": {
                  "value": 4,
                  "type": "number"
                }
              },
              {
                "type": "get_attr",
                "value": "value"
              }
            ],
            [
              {
                "type": "get_attr",
                "value": "variables"
              },
              {
                "type": "index",
                "value": {
                  "value": 5,
                  "type": "number"
                }
              },
              {
                "type": "get_attr",
                "value": "value"
              }
            ],
            [
              {
                "type": "get_attr",
                "value": "variables"
              },
              {
                "type": "index",
                "value": {
                  "value": 6,
                  "type": "number"
                }
              },
              {
                "type": "get_attr",
                "value": "value"
              }
            ],
            [
              {
                "type": "get_attr",
                "value": "variables"
              },
              {
                "type": "index",
                "value": {
                  "value": 7,
                  "type": "number"
                }
              },
              {
                "type": "get_attr",
                "value": "value"
              }
            ],
            [
              {
                "type": "get_attr",
                "value": "variables"
              },
              {
                "type": "index",
                "value": {
                  "value": 8,
                  "type": "number"
                }
              },
              {
                "type": "get_attr",
                "value": "value"
              }
            ],
            [
              {
                "type": "get_attr",
                "value": "variables"
              },
              {
                "type": "index",
                "value": {
                  "value": 9,
                  "type": "number"
                }
              },
              {
                "type": "get_attr",
                "value": "value"
              }
            ],
            [
              {
                "type": "get_attr",
                "value": "variables"
              },
              {
                "type": "index",
                "value": {
                  "value": 10,
                  "type": "number"
                }
              },
              {
                "type": "get_attr",
                "value": "value"
              }
            ],
            [
              {
                "type": "get_attr",
                "value": "variables"
              },
              {
                "type": "index",
                "value": {
                  "value": 11,
                  "type": "number"
                }
              },
              {
                "type": "get_attr",
                "value": "value"
              }
            ],
            [
              {
                "type": "get_attr",
                "value": "variables"
              },
              {
                "type": "index",
                "value": {
                  "value": 12,
                  "type": "number"
                }
              },
              {
                "type": "get_attr",
                "value": "value"
              }
            ],
            [
              {
                "type": "get_attr",
                "value": "variables"
              },
              {
                "type": "index",
                "value": {
                  "value": 13,
                  "type": "number"
                }
              },
              {
                "type": "get_attr",
                "value": "value"
              }
            ],
            [
              {
                "type": "get_attr",
                "value": "variables"
              },
              {
                "type": "index",
                "value": {
                  "value": 14,
                  "type": "number"
                }
              },
              {
                "type": "get_attr",
                "value": "value"
              }
            ],
            [
              {
                "type": "get_attr",
                "value": "variables"
              },
              {
                "type": "index",
                "value": {
                  "value": 15,
                  "type": "number"
                }
              },
              {
                "type": "get_attr",
                "value": "value"
              }
            ],
            [
              {
                "type": "get_attr",
                "value": "variables"
              },
              {
                "type": "index",
                "value": {
                  "value": 16,
                  "type": "number"
                }
              },
              {
                "type": "get_attr",
                "value": "value"
              }
            ],
            [
              {
                "type": "get_attr",
                "value": "variables"
              },
              {
                "type": "index",
                "value": {
                  "value": 17,
                  "type": "number"
                }
              },
              {
                "type": "get_attr",
                "value": "value"
              }
            ],
            [
              {
                "type": "get_attr",
                "value": "variables"
              },
              {
                "type": "index",
                "value": {
                  "value": 18,
                  "type": "number"
                }
              },
              {
                "type": "get_attr",
                "value": "value"
              }
            ],
            [
              {
                "type": "get_attr",
                "value": "variables"
              },
              {
                "type": "index",
                "value": {
                  "value": 19,
                  "type": "number"
                }
              },
              {
                "type": "get_attr",
                "value": "value"
              }
            ],
            [
              {
                "type": "get_attr",
                "value": "variables"
              },
              {
                "type": "index",
                "value": {
                  "value": 20,
                  "type": "number"
                }
              },
              {
                "type": "get_attr",
                "value": "value"
              }
            ],
            [
              {
                "type": "get_attr",
                "value": "variables"
              },
              {
                "type": "index",
                "value": {
                  "value": 21,
                  "type": "number"
                }
              },
              {
                "type": "get_attr",
                "value": "value"
              }
            ],
            [
              {
                "type": "get_attr",
                "value": "variables"
              },
              {
                "type": "index",
                "value": {
                  "value": 22,
                  "type": "number"
                }
              },
              {
                "type": "get_attr",
                "value": "value"
              }
            ],
            [
              {
                "type": "get_attr",
                "value": "variables"
              },
              {
                "type": "index",
                "value": {
                  "value": 23,
                  "type": "number"
                }
              },
              {
                "type": "get_attr",
                "value": "value"
              }
            ],
            [
              {
                "type": "get_attr",
                "value": "variables"
              },
              {
                "type": "index",
                "value": {
                  "value": 24,
                  "type": "number"
                }
              },
              {
                "type": "get_attr",
                "value": "value"
              }
            ],
            [
              {
                "type": "get_attr",
                "value": "variables"
              },
              {
                "type": "index",
                "value": {
                  "value": 25,
                  "type": "number"
                }
              },
              {
                "type": "get_attr",
                "value": "value"
              }
            ],
            [
              {
                "type": "get_attr",
                "value": "variables"
              },
              {
                "type": "index",
                "value": {
                  "value": 26,
                  "type": "number"
                }
              },
              {
                "type": "get_attr",
                "value": "value"
              }
            ],
            [
              {
                "type": "get_attr",
                "value": "variables"
              },
              {
                "type": "index",
                "value": {
                  "value": 27,
                  "type": "number"
                }
              },
              {
                "type": "get_attr",
                "value": "value"
              }
            ]
          ],
          "dependencies": [
            "railway_service.crm_api"
          ]
        }
      ]
    },
    {
      "mode": "managed",
      "type": "railway_variable_collection",
      "name": "crm_worker_vars",
      "provider": "provider[\"registry.terraform.io/terraform-community-providers/railway\"]",
      "instances": [
        {
          "schema_version": 0,
          "attributes": {
            "environment_id": "33fdf604-2086-4df5-8673-5b45d81a0588",
            "id": "5326be2b-c9a3-450a-ae45-173c95416842:33fdf604-2086-4df5-8673-5b45d81a0588:AUTH_MICROSOFT_ENABLED:AUTH_PASSWORD_ENABLED:CALENDAR_PROVIDER_MICROSOFT_ENABLED:DATABASE_URL:DISABLE_CRON_JOBS_REGISTRATION:DISABLE_DB_MIGRATIONS:EMAIL_DRIVER:EMAIL_FROM_ADDRESS:EMAIL_FROM_NAME:EMAIL_SMTP_HOST:EMAIL_SMTP_PORT:EMAIL_SMTP_USER:EMAIL_SYSTEM_ADDRESS:FRONTEND_URL:FRONT_BASE_URL:FULLENRICH_BASE_URL:IS_EMAIL_VERIFICATION_REQUIRED:IS_FDW_ENABLED:MESSAGING_PROVIDER_MICROSOFT_ENABLED:MICROSOFT_TENANT_ID:NODE_ENV:PG_DATABASE_URL:PORT:REACT_APP_SERVER_BASE_URL:REDIS_URL:SERVER_URL:SIGN_IN_PREFILLED:STORAGE_TYPE:TEMPORAL_BACKEND_BASE_URL:UNIPILE_BASE_URL",
            "project_id": "43cdc4c7-2119-4dc5-8168-e49510e330a1",
            "service_id": "5326be2b-c9a3-450a-ae45-173c95416842",
            "variables": [
              {
                "name": "DATABASE_URL",
                "value": "postgresql://postgres:3HhDZXWijsgUAnUIIjytKvMvq%2FjWTBYq@postgres-8f68.railway.internal:5432/postgres"
              },
              {
                "name": "PG_DATABASE_URL",
                "value": "postgresql://postgres:3HhDZXWijsgUAnUIIjytKvMvq%2FjWTBYq@postgres-8f68.railway.internal:5432/postgres"
              },
              {
                "name": "REDIS_URL",
                "value": "redis://:3da7012daf5bb796b45f257c33c382f18b2c747d4f9bb248@redis.railway.internal:6379"
              },
              {
                "name": "NODE_ENV",
                "value": "production"
              },
              {
                "name": "PORT",
                "value": "3000"
              },
              {
                "name": "SERVER_URL",
                "value": "https://crmt-twenty.up.railway.app"
              },
              {
                "name": "FRONT_BASE_URL",
                "value": "https://crmt-twenty.up.railway.app"
              },
              {
                "name": "FRONTEND_URL",
                "value": "https://crmt-twenty.up.railway.app"
              },
              {
                "name": "REACT_APP_SERVER_BASE_URL",
                "value": "https://crmt-twenty.up.railway.app"
              },
              {
                "name": "TEMPORAL_BACKEND_BASE_URL",
                "value": "https://crmt-twenty.up.railway.app"
              },
              {
                "name": "STORAGE_TYPE",
                "value": "local"
              },
              {
                "name": "IS_FDW_ENABLED",
                "value": "false"
              },
              {
                "name": "AUTH_PASSWORD_ENABLED",
                "value": "true"
              },
              {
                "name": "SIGN_IN_PREFILLED",
                "value": "true"
              },
              {
                "name": "IS_EMAIL_VERIFICATION_REQUIRED",
                "value": "false"
              },
              {
                "name": "AUTH_MICROSOFT_ENABLED",
                "value": "false"
              },
              {
                "name": "MICROSOFT_TENANT_ID",
                "value": "479a58aa-145f-4e76-97a5-515e763b24f8"
              },
              {
                "name": "MESSAGING_PROVIDER_MICROSOFT_ENABLED",
                "value": "false"
              },
              {
                "name": "CALENDAR_PROVIDER_MICROSOFT_ENABLED",
                "value": "false"
              },
              {
                "name": "EMAIL_DRIVER",
                "value": "smtp"
              },
              {
                "name": "EMAIL_FROM_ADDRESS",
                "value": "jorge6242@gmail.com"
              },
              {
                "name": "EMAIL_FROM_NAME",
                "value": "CRM Symbiose"
              },
              {
                "name": "EMAIL_SYSTEM_ADDRESS",
                "value": "jorge6242@gmail.com"
              },
              {
                "name": "EMAIL_SMTP_HOST",
                "value": "smtp.gmail.com"
              },
              {
                "name": "EMAIL_SMTP_PORT",
                "value": "587"
              },
              {
                "name": "EMAIL_SMTP_USER",
                "value": "jorge6242@gmail.com"
              },
              {
                "name": "UNIPILE_BASE_URL",
                "value": "https://api37.unipile.com:16755"
              },
              {
                "name": "FULLENRICH_BASE_URL",
                "value": "https://app.fullenrich.com/api/v2"
              },
              {
                "name": "DISABLE_DB_MIGRATIONS",
                "value": "true"
              },
              {
                "name": "DISABLE_CRON_JOBS_REGISTRATION",
                "value": "true"
              }
            ]
          },
          "sensitive_attributes": [
            [
              {
                "type": "get_attr",
                "value": "variables"
              },
              {
                "type": "index",
                "value": {
                  "value": 0,
                  "type": "number"
                }
              },
              {
                "type": "get_attr",
                "value": "value"
              }
            ],
            [
              {
                "type": "get_attr",
                "value": "variables"
              },
              {
                "type": "index",
                "value": {
                  "value": 1,
                  "type": "number"
                }
              },
              {
                "type": "get_attr",
                "value": "value"
              }
            ],
            [
              {
                "type": "get_attr",
                "value": "variables"
              },
              {
                "type": "index",
                "value": {
                  "value": 2,
                  "type": "number"
                }
              },
              {
                "type": "get_attr",
                "value": "value"
              }
            ],
            [
              {
                "type": "get_attr",
                "value": "variables"
              },
              {
                "type": "index",
                "value": {
                  "value": 3,
                  "type": "number"
                }
              },
              {
                "type": "get_attr",
                "value": "value"
              }
            ],
            [
              {
                "type": "get_attr",
                "value": "variables"
              },
              {
                "type": "index",
                "value": {
                  "value": 4,
                  "type": "number"
                }
              },
              {
                "type": "get_attr",
                "value": "value"
              }
            ],
            [
              {
                "type": "get_attr",
                "value": "variables"
              },
              {
                "type": "index",
                "value": {
                  "value": 5,
                  "type": "number"
                }
              },
              {
                "type": "get_attr",
                "value": "value"
              }
            ],
            [
              {
                "type": "get_attr",
                "value": "variables"
              },
              {
                "type": "index",
                "value": {
                  "value": 6,
                  "type": "number"
                }
              },
              {
                "type": "get_attr",
                "value": "value"
              }
            ],
            [
              {
                "type": "get_attr",
                "value": "variables"
              },
              {
                "type": "index",
                "value": {
                  "value": 7,
                  "type": "number"
                }
              },
              {
                "type": "get_attr",
                "value": "value"
              }
            ],
            [
              {
                "type": "get_attr",
                "value": "variables"
              },
              {
                "type": "index",
                "value": {
                  "value": 8,
                  "type": "number"
                }
              },
              {
                "type": "get_attr",
                "value": "value"
              }
            ],
            [
              {
                "type": "get_attr",
                "value": "variables"
              },
              {
                "type": "index",
                "value": {
                  "value": 9,
                  "type": "number"
                }
              },
              {
                "type": "get_attr",
                "value": "value"
              }
            ],
            [
              {
                "type": "get_attr",
                "value": "variables"
              },
              {
                "type": "index",
                "value": {
                  "value": 10,
                  "type": "number"
                }
              },
              {
                "type": "get_attr",
                "value": "value"
              }
            ],
            [
              {
                "type": "get_attr",
                "value": "variables"
              },
              {
                "type": "index",
                "value": {
                  "value": 11,
                  "type": "number"
                }
              },
              {
                "type": "get_attr",
                "value": "value"
              }
            ],
            [
              {
                "type": "get_attr",
                "value": "variables"
              },
              {
                "type": "index",
                "value": {
                  "value": 12,
                  "type": "number"
                }
              },
              {
                "type": "get_attr",
                "value": "value"
              }
            ],
            [
              {
                "type": "get_attr",
                "value": "variables"
              },
              {
                "type": "index",
                "value": {
                  "value": 13,
                  "type": "number"
                }
              },
              {
                "type": "get_attr",
                "value": "value"
              }
            ],
            [
              {
                "type": "get_attr",
                "value": "variables"
              },
              {
                "type": "index",
                "value": {
                  "value": 14,
                  "type": "number"
                }
              },
              {
                "type": "get_attr",
                "value": "value"
              }
            ],
            [
              {
                "type": "get_attr",
                "value": "variables"
              },
              {
                "type": "index",
                "value": {
                  "value": 15,
                  "type": "number"
                }
              },
              {
                "type": "get_attr",
                "value": "value"
              }
            ],
            [
              {
                "type": "get_attr",
                "value": "variables"
              },
              {
                "type": "index",
                "value": {
                  "value": 16,
                  "type": "number"
                }
              },
              {
                "type": "get_attr",
                "value": "value"
              }
            ],
            [
              {
                "type": "get_attr",
                "value": "variables"
              },
              {
                "type": "index",
                "value": {
                  "value": 17,
                  "type": "number"
                }
              },
              {
                "type": "get_attr",
                "value": "value"
              }
            ],
            [
              {
                "type": "get_attr",
                "value": "variables"
              },
              {
                "type": "index",
                "value": {
                  "value": 18,
                  "type": "number"
                }
              },
              {
                "type": "get_attr",
                "value": "value"
              }
            ],
            [
              {
                "type": "get_attr",
                "value": "variables"
              },
              {
                "type": "index",
                "value": {
                  "value": 19,
                  "type": "number"
                }
              },
              {
                "type": "get_attr",
                "value": "value"
              }
            ],
            [
              {
                "type": "get_attr",
                "value": "variables"
              },
              {
                "type": "index",
                "value": {
                  "value": 20,
                  "type": "number"
                }
              },
              {
                "type": "get_attr",
                "value": "value"
              }
            ],
            [
              {
                "type": "get_attr",
                "value": "variables"
              },
              {
                "type": "index",
                "value": {
                  "value": 21,
                  "type": "number"
                }
              },
              {
                "type": "get_attr",
                "value": "value"
              }
            ],
            [
              {
                "type": "get_attr",
                "value": "variables"
              },
              {
                "type": "index",
                "value": {
                  "value": 22,
                  "type": "number"
                }
              },
              {
                "type": "get_attr",
                "value": "value"
              }
            ],
            [
              {
                "type": "get_attr",
                "value": "variables"
              },
              {
                "type": "index",
                "value": {
                  "value": 23,
                  "type": "number"
                }
              },
              {
                "type": "get_attr",
                "value": "value"
              }
            ],
            [
              {
                "type": "get_attr",
                "value": "variables"
              },
              {
                "type": "index",
                "value": {
                  "value": 24,
                  "type": "number"
                }
              },
              {
                "type": "get_attr",
                "value": "value"
              }
            ],
            [
              {
                "type": "get_attr",
                "value": "variables"
              },
              {
                "type": "index",
                "value": {
                  "value": 25,
                  "type": "number"
                }
              },
              {
                "type": "get_attr",
                "value": "value"
              }
            ],
            [
              {
                "type": "get_attr",
                "value": "variables"
              },
              {
                "type": "index",
                "value": {
                  "value": 26,
                  "type": "number"
                }
              },
              {
                "type": "get_attr",
                "value": "value"
              }
            ],
            [
              {
                "type": "get_attr",
                "value": "variables"
              },
              {
                "type": "index",
                "value": {
                  "value": 27,
                  "type": "number"
                }
              },
              {
                "type": "get_attr",
                "value": "value"
              }
            ],
            [
              {
                "type": "get_attr",
                "value": "variables"
              },
              {
                "type": "index",
                "value": {
                  "value": 28,
                  "type": "number"
                }
              },
              {
                "type": "get_attr",
                "value": "value"
              }
            ],
            [
              {
                "type": "get_attr",
                "value": "variables"
              },
              {
                "type": "index",
                "value": {
                  "value": 29,
                  "type": "number"
                }
              },
              {
                "type": "get_attr",
                "value": "value"
              }
            ]
          ],
          "dependencies": [
            "railway_service.crm_worker"
          ]
        }
      ]
    }
  ],
  "check_results": null
}
